
Microsoft Visual Studio Solution File, Format Version 12.00
# Visual Studio 15
VisualStudioVersion = 15.0.26430.6
MinimumVisualStudioVersion = 10.0.40219.1
Project("{2150E333-8FDC-42A3-9474-1A3956D46DE8}") = "C语言基础", "C语言基础", "{24DB2D30-4F29-462A-9C2E-E2A432C9C5D0}"
EndProject
Project("{FAE04EC0-301F-11D3-BF4B-00C04F79EFBC}") = "00CSDemoFun", "C语言基础\00CSDemoFun\00CSDemoFun.csproj", "{242D7387-547A-47B1-873B-50FD7E7F60CC}"
EndProject
Project("{8BC9CEB8-8B4A-11D0-8D11-00A0C91BC942}") = "01SystemFun", "C语言基础\01SystemFun\01SystemFun.vcxproj", "{5521D13B-D5AE-4BBA-B72C-660F2F7F84F6}"
EndProject
Project("{8BC9CEB8-8B4A-11D0-8D11-00A0C91BC942}") = "02基础班代码", "C语言基础\02基础班代码\02基础班代码.vcxproj", "{697C4870-1194-4CE3-8814-B1733AFD5832}"
EndProject
Project("{8BC9CEB8-8B4A-11D0-8D11-00A0C91BC942}") = "03String", "C语言基础\03String\03String.vcxproj", "{2B5770B7-498C-420E-9489-6C493D27B14C}"
EndProject
Project("{8BC9CEB8-8B4A-11D0-8D11-00A0C91BC942}") = "04CGI", "C语言基础\04CGI\04CGI.vcxproj", "{5B909559-CB17-455C-8A79-96902615C9EB}"
EndProject
Project("{8BC9CEB8-8B4A-11D0-8D11-00A0C91BC942}") = "05指针", "C语言基础\05指针\05指针.vcxproj", "{E93E61CC-943A-4418-9344-F8B07FA11DED}"
EndProject
Project("{8BC9CEB8-8B4A-11D0-8D11-00A0C91BC942}") = "06内存管理", "C语言基础\06内存管理\06内存管理.vcxproj", "{2F11A788-7565-42A6-A3E0-8376CE346F6B}"
EndProject
Project("{8BC9CEB8-8B4A-11D0-8D11-00A0C91BC942}") = "07结构体", "C语言基础\07结构体\07结构体.vcxproj", "{C453807D-FC37-45D2-B11E-8ED8A7D2FEEC}"
EndProject
Project("{8BC9CEB8-8B4A-11D0-8D11-00A0C91BC942}") = "08文件", "C语言基础\08文件\08文件.vcxproj", "{A162957F-DD05-42B5-942A-FB035524BDC1}"
EndProject
Project("{8BC9CEB8-8B4A-11D0-8D11-00A0C91BC942}") = "09贪吃蛇", "C语言基础\09贪吃蛇\09贪吃蛇.vcxproj", "{F5B590D1-5A69-4813-BCEB-C777A27D05A3}"
EndProject
Project("{2150E333-8FDC-42A3-9474-1A3956D46DE8}") = "Win32Form", "Win32Form", "{8689EB6A-5124-439D-A035-CEAB550FE095}"
EndProject
Project("{8BC9CEB8-8B4A-11D0-8D11-00A0C91BC942}") = "Win32Button", "Win32Form\Win32Button\Win32Button.vcxproj", "{79EBF2C8-CD0E-4F40-9699-7097277E8726}"
EndProject
Project("{8BC9CEB8-8B4A-11D0-8D11-00A0C91BC942}") = "11数据结构.c", "C语言基础\11数据结构.c\11数据结构.c.vcxproj", "{F8EF325D-3A78-404A-A957-94981E978C48}"
EndProject
Project("{8BC9CEB8-8B4A-11D0-8D11-00A0C91BC942}") = "10C综合", "C语言基础\10C综合\10C综合.vcxproj", "{48B4902E-A90E-4E00-8CA4-788AA0A8A038}"
EndProject
Project("{2150E333-8FDC-42A3-9474-1A3956D46DE8}") = "Lab", "Lab", "{5FD044F0-97EA-4FB0-B508-946484F4929F}"
EndProject
Project("{8BC9CEB8-8B4A-11D0-8D11-00A0C91BC942}") = "math", "C语言基础\Lab\math\math.vcxproj", "{889FBB74-DFCE-441B-8832-31D660A88A4F}"
EndProject
Project("{8BC9CEB8-8B4A-11D0-8D11-00A0C91BC942}") = "encryption", "C语言基础\Lab\encryption\encryption.vcxproj", "{56616076-1198-4829-9B5C-A7A26883B974}"
EndProject
Global
	GlobalSection(SolutionConfigurationPlatforms) = preSolution
		Debug|Any CPU = Debug|Any CPU
		Debug|ARM = Debug|ARM
		Debug|x64 = Debug|x64
		Debug|x86 = Debug|x86
		Release|Any CPU = Release|Any CPU
		Release|ARM = Release|ARM
		Release|x64 = Release|x64
		Release|x86 = Release|x86
	EndGlobalSection
	GlobalSection(ProjectConfigurationPlatforms) = postSolution
		{242D7387-547A-47B1-873B-50FD7E7F60CC}.Debug|Any CPU.ActiveCfg = Debug|Any CPU
		{242D7387-547A-47B1-873B-50FD7E7F60CC}.Debug|Any CPU.Build.0 = Debug|Any CPU
		{242D7387-547A-47B1-873B-50FD7E7F60CC}.Debug|ARM.ActiveCfg = Debug|Any CPU
		{242D7387-547A-47B1-873B-50FD7E7F60CC}.Debug|ARM.Build.0 = Debug|Any CPU
		{242D7387-547A-47B1-873B-50FD7E7F60CC}.Debug|x64.ActiveCfg = Debug|Any CPU
		{242D7387-547A-47B1-873B-50FD7E7F60CC}.Debug|x64.Build.0 = Debug|Any CPU
		{242D7387-547A-47B1-873B-50FD7E7F60CC}.Debug|x86.ActiveCfg = Debug|Any CPU
		{242D7387-547A-47B1-873B-50FD7E7F60CC}.Debug|x86.Build.0 = Debug|Any CPU
		{242D7387-547A-47B1-873B-50FD7E7F60CC}.Release|Any CPU.ActiveCfg = Release|Any CPU
		{242D7387-547A-47B1-873B-50FD7E7F60CC}.Release|Any CPU.Build.0 = Release|Any CPU
		{242D7387-547A-47B1-873B-50FD7E7F60CC}.Release|ARM.ActiveCfg = Release|Any CPU
		{242D7387-547A-47B1-873B-50FD7E7F60CC}.Release|ARM.Build.0 = Release|Any CPU
		{242D7387-547A-47B1-873B-50FD7E7F60CC}.Release|x64.ActiveCfg = Release|Any CPU
		{242D7387-547A-47B1-873B-50FD7E7F60CC}.Release|x64.Build.0 = Release|Any CPU
		{242D7387-547A-47B1-873B-50FD7E7F60CC}.Release|x86.ActiveCfg = Release|Any CPU
		{242D7387-547A-47B1-873B-50FD7E7F60CC}.Release|x86.Build.0 = Release|Any CPU
		{5521D13B-D5AE-4BBA-B72C-660F2F7F84F6}.Debug|Any CPU.ActiveCfg = Debug|Win32
		{5521D13B-D5AE-4BBA-B72C-660F2F7F84F6}.Debug|Any CPU.Build.0 = Debug|Win32
		{5521D13B-D5AE-4BBA-B72C-660F2F7F84F6}.Debug|ARM.ActiveCfg = Debug|Win32
		{5521D13B-D5AE-4BBA-B72C-660F2F7F84F6}.Debug|x64.ActiveCfg = Debug|x64
		{5521D13B-D5AE-4BBA-B72C-660F2F7F84F6}.Debug|x64.Build.0 = Debug|x64
		{5521D13B-D5AE-4BBA-B72C-660F2F7F84F6}.Debug|x86.ActiveCfg = Debug|Win32
		{5521D13B-D5AE-4BBA-B72C-660F2F7F84F6}.Debug|x86.Build.0 = Debug|Win32
		{5521D13B-D5AE-4BBA-B72C-660F2F7F84F6}.Release|Any CPU.ActiveCfg = Release|Win32
		{5521D13B-D5AE-4BBA-B72C-660F2F7F84F6}.Release|Any CPU.Build.0 = Release|Win32
		{5521D13B-D5AE-4BBA-B72C-660F2F7F84F6}.Release|ARM.ActiveCfg = Release|Win32
		{5521D13B-D5AE-4BBA-B72C-660F2F7F84F6}.Release|x64.ActiveCfg = Release|x64
		{5521D13B-D5AE-4BBA-B72C-660F2F7F84F6}.Release|x64.Build.0 = Release|x64
		{5521D13B-D5AE-4BBA-B72C-660F2F7F84F6}.Release|x86.ActiveCfg = Release|Win32
		{5521D13B-D5AE-4BBA-B72C-660F2F7F84F6}.Release|x86.Build.0 = Release|Win32
		{697C4870-1194-4CE3-8814-B1733AFD5832}.Debug|Any CPU.ActiveCfg = Debug|Win32
		{697C4870-1194-4CE3-8814-B1733AFD5832}.Debug|Any CPU.Build.0 = Debug|Win32
		{697C4870-1194-4CE3-8814-B1733AFD5832}.Debug|ARM.ActiveCfg = Debug|Win32
		{697C4870-1194-4CE3-8814-B1733AFD5832}.Debug|x64.ActiveCfg = Debug|x64
		{697C4870-1194-4CE3-8814-B1733AFD5832}.Debug|x64.Build.0 = Debug|x64
		{697C4870-1194-4CE3-8814-B1733AFD5832}.Debug|x86.ActiveCfg = Debug|Win32
		{697C4870-1194-4CE3-8814-B1733AFD5832}.Debug|x86.Build.0 = Debug|Win32
		{697C4870-1194-4CE3-8814-B1733AFD5832}.Release|Any CPU.ActiveCfg = Release|Win32
		{697C4870-1194-4CE3-8814-B1733AFD5832}.Release|Any CPU.Build.0 = Release|Win32
		{697C4870-1194-4CE3-8814-B1733AFD5832}.Release|ARM.ActiveCfg = Release|Win32
		{697C4870-1194-4CE3-8814-B1733AFD5832}.Release|x64.ActiveCfg = Release|x64
		{697C4870-1194-4CE3-8814-B1733AFD5832}.Release|x64.Build.0 = Release|x64
		{697C4870-1194-4CE3-8814-B1733AFD5832}.Release|x86.ActiveCfg = Release|Win32
		{697C4870-1194-4CE3-8814-B1733AFD5832}.Release|x86.Build.0 = Release|Win32
		{2B5770B7-498C-420E-9489-6C493D27B14C}.Debug|Any CPU.ActiveCfg = Debug|Win32
		{2B5770B7-498C-420E-9489-6C493D27B14C}.Debug|Any CPU.Build.0 = Debug|Win32
		{2B5770B7-498C-420E-9489-6C493D27B14C}.Debug|ARM.ActiveCfg = Debug|Win32
		{2B5770B7-498C-420E-9489-6C493D27B14C}.Debug|x64.ActiveCfg = Debug|x64
		{2B5770B7-498C-420E-9489-6C493D27B14C}.Debug|x64.Build.0 = Debug|x64
		{2B5770B7-498C-420E-9489-6C493D27B14C}.Debug|x86.ActiveCfg = Debug|Win32
		{2B5770B7-498C-420E-9489-6C493D27B14C}.Debug|x86.Build.0 = Debug|Win32
		{2B5770B7-498C-420E-9489-6C493D27B14C}.Release|Any CPU.ActiveCfg = Release|Win32
		{2B5770B7-498C-420E-9489-6C493D27B14C}.Release|Any CPU.Build.0 = Release|Win32
		{2B5770B7-498C-420E-9489-6C493D27B14C}.Release|ARM.ActiveCfg = Release|Win32
		{2B5770B7-498C-420E-9489-6C493D27B14C}.Release|x64.ActiveCfg = Release|x64
		{2B5770B7-498C-420E-9489-6C493D27B14C}.Release|x64.Build.0 = Release|x64
		{2B5770B7-498C-420E-9489-6C493D27B14C}.Release|x86.ActiveCfg = Release|Win32
		{2B5770B7-498C-420E-9489-6C493D27B14C}.Release|x86.Build.0 = Release|Win32
		{5B909559-CB17-455C-8A79-96902615C9EB}.Debug|Any CPU.ActiveCfg = Debug|Win32
		{5B909559-CB17-455C-8A79-96902615C9EB}.Debug|Any CPU.Build.0 = Debug|Win32
		{5B909559-CB17-455C-8A79-96902615C9EB}.Debug|ARM.ActiveCfg = Debug|Win32
		{5B909559-CB17-455C-8A79-96902615C9EB}.Debug|x64.ActiveCfg = Debug|x64
		{5B909559-CB17-455C-8A79-96902615C9EB}.Debug|x64.Build.0 = Debug|x64
		{5B909559-CB17-455C-8A79-96902615C9EB}.Debug|x86.ActiveCfg = Debug|Win32
		{5B909559-CB17-455C-8A79-96902615C9EB}.Debug|x86.Build.0 = Debug|Win32
		{5B909559-CB17-455C-8A79-96902615C9EB}.Release|Any CPU.ActiveCfg = Release|Win32
		{5B909559-CB17-455C-8A79-96902615C9EB}.Release|Any CPU.Build.0 = Release|Win32
		{5B909559-CB17-455C-8A79-96902615C9EB}.Release|ARM.ActiveCfg = Release|Win32
		{5B909559-CB17-455C-8A79-96902615C9EB}.Release|x64.ActiveCfg = Release|x64
		{5B909559-CB17-455C-8A79-96902615C9EB}.Release|x64.Build.0 = Release|x64
		{5B909559-CB17-455C-8A79-96902615C9EB}.Release|x86.ActiveCfg = Release|Win32
		{5B909559-CB17-455C-8A79-96902615C9EB}.Release|x86.Build.0 = Release|Win32
		{E93E61CC-943A-4418-9344-F8B07FA11DED}.Debug|Any CPU.ActiveCfg = Debug|Win32
		{E93E61CC-943A-4418-9344-F8B07FA11DED}.Debug|Any CPU.Build.0 = Debug|Win32
		{E93E61CC-943A-4418-9344-F8B07FA11DED}.Debug|ARM.ActiveCfg = Debug|Win32
		{E93E61CC-943A-4418-9344-F8B07FA11DED}.Debug|x64.ActiveCfg = Debug|x64
		{E93E61CC-943A-4418-9344-F8B07FA11DED}.Debug|x64.Build.0 = Debug|x64
		{E93E61CC-943A-4418-9344-F8B07FA11DED}.Debug|x86.ActiveCfg = Debug|Win32
		{E93E61CC-943A-4418-9344-F8B07FA11DED}.Debug|x86.Build.0 = Debug|Win32
		{E93E61CC-943A-4418-9344-F8B07FA11DED}.Release|Any CPU.ActiveCfg = Release|Win32
		{E93E61CC-943A-4418-9344-F8B07FA11DED}.Release|Any CPU.Build.0 = Release|Win32
		{E93E61CC-943A-4418-9344-F8B07FA11DED}.Release|ARM.ActiveCfg = Release|Win32
		{E93E61CC-943A-4418-9344-F8B07FA11DED}.Release|x64.ActiveCfg = Release|x64
		{E93E61CC-943A-4418-9344-F8B07FA11DED}.Release|x64.Build.0 = Release|x64
		{E93E61CC-943A-4418-9344-F8B07FA11DED}.Release|x86.ActiveCfg = Release|Win32
		{E93E61CC-943A-4418-9344-F8B07FA11DED}.Release|x86.Build.0 = Release|Win32
		{2F11A788-7565-42A6-A3E0-8376CE346F6B}.Debug|Any CPU.ActiveCfg = Debug|Win32
		{2F11A788-7565-42A6-A3E0-8376CE346F6B}.Debug|Any CPU.Build.0 = Debug|Win32
		{2F11A788-7565-42A6-A3E0-8376CE346F6B}.Debug|ARM.ActiveCfg = Debug|Win32
		{2F11A788-7565-42A6-A3E0-8376CE346F6B}.Debug|x64.ActiveCfg = Debug|x64
		{2F11A788-7565-42A6-A3E0-8376CE346F6B}.Debug|x64.Build.0 = Debug|x64
		{2F11A788-7565-42A6-A3E0-8376CE346F6B}.Debug|x86.ActiveCfg = Debug|Win32
		{2F11A788-7565-42A6-A3E0-8376CE346F6B}.Debug|x86.Build.0 = Debug|Win32
		{2F11A788-7565-42A6-A3E0-8376CE346F6B}.Release|Any CPU.ActiveCfg = Release|Win32
		{2F11A788-7565-42A6-A3E0-8376CE346F6B}.Release|Any CPU.Build.0 = Release|Win32
		{2F11A788-7565-42A6-A3E0-8376CE346F6B}.Release|ARM.ActiveCfg = Release|Win32
		{2F11A788-7565-42A6-A3E0-8376CE346F6B}.Release|x64.ActiveCfg = Release|x64
		{2F11A788-7565-42A6-A3E0-8376CE346F6B}.Release|x64.Build.0 = Release|x64
		{2F11A788-7565-42A6-A3E0-8376CE346F6B}.Release|x86.ActiveCfg = Release|Win32
		{2F11A788-7565-42A6-A3E0-8376CE346F6B}.Release|x86.Build.0 = Release|Win32
		{C453807D-FC37-45D2-B11E-8ED8A7D2FEEC}.Debug|Any CPU.ActiveCfg = Debug|Win32
		{C453807D-FC37-45D2-B11E-8ED8A7D2FEEC}.Debug|Any CPU.Build.0 = Debug|Win32
		{C453807D-FC37-45D2-B11E-8ED8A7D2FEEC}.Debug|ARM.ActiveCfg = Debug|Win32
		{C453807D-FC37-45D2-B11E-8ED8A7D2FEEC}.Debug|x64.ActiveCfg = Debug|x64
		{C453807D-FC37-45D2-B11E-8ED8A7D2FEEC}.Debug|x64.Build.0 = Debug|x64
		{C453807D-FC37-45D2-B11E-8ED8A7D2FEEC}.Debug|x86.ActiveCfg = Debug|Win32
		{C453807D-FC37-45D2-B11E-8ED8A7D2FEEC}.Debug|x86.Build.0 = Debug|Win32
		{C453807D-FC37-45D2-B11E-8ED8A7D2FEEC}.Release|Any CPU.ActiveCfg = Release|Win32
		{C453807D-FC37-45D2-B11E-8ED8A7D2FEEC}.Release|Any CPU.Build.0 = Release|Win32
		{C453807D-FC37-45D2-B11E-8ED8A7D2FEEC}.Release|ARM.ActiveCfg = Release|Win32
		{C453807D-FC37-45D2-B11E-8ED8A7D2FEEC}.Release|x64.ActiveCfg = Release|x64
		{C453807D-FC37-45D2-B11E-8ED8A7D2FEEC}.Release|x64.Build.0 = Release|x64
		{C453807D-FC37-45D2-B11E-8ED8A7D2FEEC}.Release|x86.ActiveCfg = Release|Win32
		{C453807D-FC37-45D2-B11E-8ED8A7D2FEEC}.Release|x86.Build.0 = Release|Win32
		{A162957F-DD05-42B5-942A-FB035524BDC1}.Debug|Any CPU.ActiveCfg = Debug|Win32
		{A162957F-DD05-42B5-942A-FB035524BDC1}.Debug|Any CPU.Build.0 = Debug|Win32
		{A162957F-DD05-42B5-942A-FB035524BDC1}.Debug|ARM.ActiveCfg = Debug|Win32
		{A162957F-DD05-42B5-942A-FB035524BDC1}.Debug|x64.ActiveCfg = Debug|x64
		{A162957F-DD05-42B5-942A-FB035524BDC1}.Debug|x64.Build.0 = Debug|x64
		{A162957F-DD05-42B5-942A-FB035524BDC1}.Debug|x86.ActiveCfg = Debug|Win32
		{A162957F-DD05-42B5-942A-FB035524BDC1}.Debug|x86.Build.0 = Debug|Win32
		{A162957F-DD05-42B5-942A-FB035524BDC1}.Release|Any CPU.ActiveCfg = Release|Win32
		{A162957F-DD05-42B5-942A-FB035524BDC1}.Release|Any CPU.Build.0 = Release|Win32
		{A162957F-DD05-42B5-942A-FB035524BDC1}.Release|ARM.ActiveCfg = Release|Win32
		{A162957F-DD05-42B5-942A-FB035524BDC1}.Release|x64.ActiveCfg = Release|x64
		{A162957F-DD05-42B5-942A-FB035524BDC1}.Release|x64.Build.0 = Release|x64
		{A162957F-DD05-42B5-942A-FB035524BDC1}.Release|x86.ActiveCfg = Release|Win32
		{A162957F-DD05-42B5-942A-FB035524BDC1}.Release|x86.Build.0 = Release|Win32
		{F5B590D1-5A69-4813-BCEB-C777A27D05A3}.Debug|Any CPU.ActiveCfg = Debug|Win32
		{F5B590D1-5A69-4813-BCEB-C777A27D05A3}.Debug|Any CPU.Build.0 = Debug|Win32
		{F5B590D1-5A69-4813-BCEB-C777A27D05A3}.Debug|ARM.ActiveCfg = Debug|Win32
		{F5B590D1-5A69-4813-BCEB-C777A27D05A3}.Debug|x64.ActiveCfg = Debug|x64
		{F5B590D1-5A69-4813-BCEB-C777A27D05A3}.Debug|x64.Build.0 = Debug|x64
		{F5B590D1-5A69-4813-BCEB-C777A27D05A3}.Debug|x86.ActiveCfg = Debug|Win32
		{F5B590D1-5A69-4813-BCEB-C777A27D05A3}.Debug|x86.Build.0 = Debug|Win32
		{F5B590D1-5A69-4813-BCEB-C777A27D05A3}.Release|Any CPU.ActiveCfg = Release|Win32
		{F5B590D1-5A69-4813-BCEB-C777A27D05A3}.Release|Any CPU.Build.0 = Release|Win32
		{F5B590D1-5A69-4813-BCEB-C777A27D05A3}.Release|ARM.ActiveCfg = Release|Win32
		{F5B590D1-5A69-4813-BCEB-C777A27D05A3}.Release|x64.ActiveCfg = Release|x64
		{F5B590D1-5A69-4813-BCEB-C777A27D05A3}.Release|x64.Build.0 = Release|x64
		{F5B590D1-5A69-4813-BCEB-C777A27D05A3}.Release|x86.ActiveCfg = Release|Win32
		{F5B590D1-5A69-4813-BCEB-C777A27D05A3}.Release|x86.Build.0 = Release|Win32
		{79EBF2C8-CD0E-4F40-9699-7097277E8726}.Debug|Any CPU.ActiveCfg = Debug|Win32
		{79EBF2C8-CD0E-4F40-9699-7097277E8726}.Debug|Any CPU.Build.0 = Debug|Win32
		{79EBF2C8-CD0E-4F40-9699-7097277E8726}.Debug|ARM.ActiveCfg = Debug|Win32
		{79EBF2C8-CD0E-4F40-9699-7097277E8726}.Debug|x64.ActiveCfg = Debug|x64
		{79EBF2C8-CD0E-4F40-9699-7097277E8726}.Debug|x64.Build.0 = Debug|x64
		{79EBF2C8-CD0E-4F40-9699-7097277E8726}.Debug|x86.ActiveCfg = Debug|Win32
		{79EBF2C8-CD0E-4F40-9699-7097277E8726}.Debug|x86.Build.0 = Debug|Win32
		{79EBF2C8-CD0E-4F40-9699-7097277E8726}.Release|Any CPU.ActiveCfg = Release|Win32
		{79EBF2C8-CD0E-4F40-9699-7097277E8726}.Release|Any CPU.Build.0 = Release|Win32
		{79EBF2C8-CD0E-4F40-9699-7097277E8726}.Release|ARM.ActiveCfg = Release|Win32
		{79EBF2C8-CD0E-4F40-9699-7097277E8726}.Release|x64.ActiveCfg = Release|x64
		{79EBF2C8-CD0E-4F40-9699-7097277E8726}.Release|x64.Build.0 = Release|x64
		{79EBF2C8-CD0E-4F40-9699-7097277E8726}.Release|x86.ActiveCfg = Release|Win32
		{79EBF2C8-CD0E-4F40-9699-7097277E8726}.Release|x86.Build.0 = Release|Win32
		{F8EF325D-3A78-404A-A957-94981E978C48}.Debug|Any CPU.ActiveCfg = Debug|Win32
		{F8EF325D-3A78-404A-A957-94981E978C48}.Debug|Any CPU.Build.0 = Debug|Win32
		{F8EF325D-3A78-404A-A957-94981E978C48}.Debug|ARM.ActiveCfg = Debug|Win32
		{F8EF325D-3A78-404A-A957-94981E978C48}.Debug|x64.ActiveCfg = Debug|x64
		{F8EF325D-3A78-404A-A957-94981E978C48}.Debug|x64.Build.0 = Debug|x64
		{F8EF325D-3A78-404A-A957-94981E978C48}.Debug|x86.ActiveCfg = Debug|Win32
		{F8EF325D-3A78-404A-A957-94981E978C48}.Debug|x86.Build.0 = Debug|Win32
		{F8EF325D-3A78-404A-A957-94981E978C48}.Release|Any CPU.ActiveCfg = Release|Win32
		{F8EF325D-3A78-404A-A957-94981E978C48}.Release|Any CPU.Build.0 = Release|Win32
		{F8EF325D-3A78-404A-A957-94981E978C48}.Release|ARM.ActiveCfg = Release|Win32
		{F8EF325D-3A78-404A-A957-94981E978C48}.Release|x64.ActiveCfg = Release|x64
		{F8EF325D-3A78-404A-A957-94981E978C48}.Release|x64.Build.0 = Release|x64
		{F8EF325D-3A78-404A-A957-94981E978C48}.Release|x86.ActiveCfg = Release|Win32
		{F8EF325D-3A78-404A-A957-94981E978C48}.Release|x86.Build.0 = Release|Win32
		{48B4902E-A90E-4E00-8CA4-788AA0A8A038}.Debug|Any CPU.ActiveCfg = Debug|Win32
		{48B4902E-A90E-4E00-8CA4-788AA0A8A038}.Debug|Any CPU.Build.0 = Debug|Win32
		{48B4902E-A90E-4E00-8CA4-788AA0A8A038}.Debug|ARM.ActiveCfg = Debug|Win32
		{48B4902E-A90E-4E00-8CA4-788AA0A8A038}.Debug|x64.ActiveCfg = Debug|x64
		{48B4902E-A90E-4E00-8CA4-788AA0A8A038}.Debug|x64.Build.0 = Debug|x64
		{48B4902E-A90E-4E00-8CA4-788AA0A8A038}.Debug|x86.ActiveCfg = Debug|Win32
		{48B4902E-A90E-4E00-8CA4-788AA0A8A038}.Debug|x86.Build.0 = Debug|Win32
		{48B4902E-A90E-4E00-8CA4-788AA0A8A038}.Release|Any CPU.ActiveCfg = Release|Win32
		{48B4902E-A90E-4E00-8CA4-788AA0A8A038}.Release|Any CPU.Build.0 = Release|Win32
		{48B4902E-A90E-4E00-8CA4-788AA0A8A038}.Release|ARM.ActiveCfg = Release|Win32
		{48B4902E-A90E-4E00-8CA4-788AA0A8A038}.Release|x64.ActiveCfg = Release|x64
		{48B4902E-A90E-4E00-8CA4-788AA0A8A038}.Release|x64.Build.0 = Release|x64
		{48B4902E-A90E-4E00-8CA4-788AA0A8A038}.Release|x86.ActiveCfg = Release|Win32
		{48B4902E-A90E-4E00-8CA4-788AA0A8A038}.Release|x86.Build.0 = Release|Win32
		{889FBB74-DFCE-441B-8832-31D660A88A4F}.Debug|Any CPU.ActiveCfg = Debug|Win32
		{889FBB74-DFCE-441B-8832-31D660A88A4F}.Debug|Any CPU.Build.0 = Debug|Win32
		{889FBB74-DFCE-441B-8832-31D660A88A4F}.Debug|ARM.ActiveCfg = Debug|Win32
		{889FBB74-DFCE-441B-8832-31D660A88A4F}.Debug|x64.ActiveCfg = Debug|x64
		{889FBB74-DFCE-441B-8832-31D660A88A4F}.Debug|x64.Build.0 = Debug|x64
		{889FBB74-DFCE-441B-8832-31D660A88A4F}.Debug|x86.ActiveCfg = Debug|Win32
		{889FBB74-DFCE-441B-8832-31D660A88A4F}.Debug|x86.Build.0 = Debug|Win32
		{889FBB74-DFCE-441B-8832-31D660A88A4F}.Release|Any CPU.ActiveCfg = Release|Win32
		{889FBB74-DFCE-441B-8832-31D660A88A4F}.Release|Any CPU.Build.0 = Release|Win32
		{889FBB74-DFCE-441B-8832-31D660A88A4F}.Release|ARM.ActiveCfg = Release|Win32
		{889FBB74-DFCE-441B-8832-31D660A88A4F}.Release|x64.ActiveCfg = Release|x64
		{889FBB74-DFCE-441B-8832-31D660A88A4F}.Release|x64.Build.0 = Release|x64
		{889FBB74-DFCE-441B-8832-31D660A88A4F}.Release|x86.ActiveCfg = Release|Win32
		{889FBB74-DFCE-441B-8832-31D660A88A4F}.Release|x86.Build.0 = Release|Win32
		{56616076-1198-4829-9B5C-A7A26883B974}.Debug|Any CPU.ActiveCfg = Debug|Win32
		{56616076-1198-4829-9B5C-A7A26883B974}.Debug|Any CPU.Build.0 = Debug|Win32
		{56616076-1198-4829-9B5C-A7A26883B974}.Debug|ARM.ActiveCfg = Debug|Win32
		{56616076-1198-4829-9B5C-A7A26883B974}.Debug|x64.ActiveCfg = Debug|x64
		{56616076-1198-4829-9B5C-A7A26883B974}.Debug|x64.Build.0 = Debug|x64
		{56616076-1198-4829-9B5C-A7A26883B974}.Debug|x86.ActiveCfg = Debug|Win32
		{56616076-1198-4829-9B5C-A7A26883B974}.Debug|x86.Build.0 = Debug|Win32
		{56616076-1198-4829-9B5C-A7A26883B974}.Release|Any CPU.ActiveCfg = Release|Win32
		{56616076-1198-4829-9B5C-A7A26883B974}.Release|Any CPU.Build.0 = Release|Win32
		{56616076-1198-4829-9B5C-A7A26883B974}.Release|ARM.ActiveCfg = Release|Win32
		{56616076-1198-4829-9B5C-A7A26883B974}.Release|x64.ActiveCfg = Release|x64
		{56616076-1198-4829-9B5C-A7A26883B974}.Release|x64.Build.0 = Release|x64
		{56616076-1198-4829-9B5C-A7A26883B974}.Release|x86.ActiveCfg = Release|Win32
		{56616076-1198-4829-9B5C-A7A26883B974}.Release|x86.Build.0 = Release|Win32
	EndGlobalSection
	GlobalSection(SolutionProperties) = preSolution
		HideSolutionNode = FALSE
	EndGlobalSection
	GlobalSection(NestedProjects) = preSolution
		{242D7387-547A-47B1-873B-50FD7E7F60CC} = {24DB2D30-4F29-462A-9C2E-E2A432C9C5D0}
		{5521D13B-D5AE-4BBA-B72C-660F2F7F84F6} = {24DB2D30-4F29-462A-9C2E-E2A432C9C5D0}
		{697C4870-1194-4CE3-8814-B1733AFD5832} = {24DB2D30-4F29-462A-9C2E-E2A432C9C5D0}
		{2B5770B7-498C-420E-9489-6C493D27B14C} = {24DB2D30-4F29-462A-9C2E-E2A432C9C5D0}
		{5B909559-CB17-455C-8A79-96902615C9EB} = {24DB2D30-4F29-462A-9C2E-E2A432C9C5D0}
		{E93E61CC-943A-4418-9344-F8B07FA11DED} = {24DB2D30-4F29-462A-9C2E-E2A432C9C5D0}
		{2F11A788-7565-42A6-A3E0-8376CE346F6B} = {24DB2D30-4F29-462A-9C2E-E2A432C9C5D0}
		{C453807D-FC37-45D2-B11E-8ED8A7D2FEEC} = {24DB2D30-4F29-462A-9C2E-E2A432C9C5D0}
		{A162957F-DD05-42B5-942A-FB035524BDC1} = {24DB2D30-4F29-462A-9C2E-E2A432C9C5D0}
		{F5B590D1-5A69-4813-BCEB-C777A27D05A3} = {24DB2D30-4F29-462A-9C2E-E2A432C9C5D0}
		{79EBF2C8-CD0E-4F40-9699-7097277E8726} = {8689EB6A-5124-439D-A035-CEAB550FE095}
		{F8EF325D-3A78-404A-A957-94981E978C48} = {24DB2D30-4F29-462A-9C2E-E2A432C9C5D0}
		{48B4902E-A90E-4E00-8CA4-788AA0A8A038} = {24DB2D30-4F29-462A-9C2E-E2A432C9C5D0}
		{5FD044F0-97EA-4FB0-B508-946484F4929F} = {24DB2D30-4F29-462A-9C2E-E2A432C9C5D0}
		{889FBB74-DFCE-441B-8832-31D660A88A4F} = {5FD044F0-97EA-4FB0-B508-946484F4929F}
		{56616076-1198-4829-9B5C-A7A26883B974} = {5FD044F0-97EA-4FB0-B508-946484F4929F}
	EndGlobalSection
EndGlobal
